<?xml version="1.0" encoding="utf-8"?>
<Project ToolsVersion="4.0" xmlns="http://schemas.microsoft.com/developer/msbuild/2003">
  <ItemGroup>
    <Filter Include="소스 파일">
      <UniqueIdentifier>{4FC737F1-C7A5-4376-A066-2A32D752A2FF}</UniqueIdentifier>
      <Extensions>cpp;c;cc;cxx;def;odl;idl;hpj;bat;asm;asmx</Extensions>
    </Filter>
    <Filter Include="헤더 파일">
      <UniqueIdentifier>{93995380-89BD-4b04-88EB-625FBE52EBFB}</UniqueIdentifier>
      <Extensions>h;hh;hpp;hxx;hm;inl;inc;xsd</Extensions>
    </Filter>
    <Filter Include="리소스 파일">
      <UniqueIdentifier>{67DA6AB6-F800-4c08-8B7A-83BB121AAD01}</UniqueIdentifier>
      <Extensions>rc;ico;cur;bmp;dlg;rc2;rct;bin;rgs;gif;jpg;jpeg;jpe;resx;tiff;tif;png;wav;mfcribbon-ms</Extensions>
    </Filter>
    <Filter Include="Map">
      <UniqueIdentifier>{9b538c5d-1821-40d1-a9fa-2b541783c006}</UniqueIdentifier>
    </Filter>
    <Filter Include="UI">
      <UniqueIdentifier>{9a7d7a93-f13e-40ba-9e44-bf0a49a1128b}</UniqueIdentifier>
    </Filter>
    <Filter Include="Object">
      <UniqueIdentifier>{8f3ebe11-06b6-43c0-a045-6dacdc19d09a}</UniqueIdentifier>
    </Filter>
    <Filter Include="Music">
      <UniqueIdentifier>{f115c323-66da-49cc-8453-e240aeb6e6ae}</UniqueIdentifier>
    </Filter>
    <Filter Include="Effect">
      <UniqueIdentifier>{91f9f772-e2e6-40b9-941f-0a12de49e336}</UniqueIdentifier>
    </Filter>
    <Filter Include="Manager">
      <UniqueIdentifier>{5ad351df-5c84-4eb3-95b3-5c71b7d421f0}</UniqueIdentifier>
    </Filter>
    <Filter Include="Camera">
      <UniqueIdentifier>{2e6211f0-d381-4e55-9465-b84be55c6782}</UniqueIdentifier>
    </Filter>
    <Filter Include="FrameWork">
      <UniqueIdentifier>{2e59b91e-3857-48db-80e7-1622d760961e}</UniqueIdentifier>
    </Filter>
    <Filter Include="Utill">
      <UniqueIdentifier>{5ec38f0c-dded-4270-bfb0-e5ae210c0291}</UniqueIdentifier>
    </Filter>
    <Filter Include="Global">
      <UniqueIdentifier>{8996be60-5a58-4333-a8ce-b9b605e1c4b3}</UniqueIdentifier>
    </Filter>
    <Filter Include="Server">
      <UniqueIdentifier>{284074b5-8c30-4bf5-a8b9-786f67b36854}</UniqueIdentifier>
    </Filter>
    <Filter Include="Object\Base">
      <UniqueIdentifier>{8c525179-f526-4b52-98e4-c8bb33f503cd}</UniqueIdentifier>
    </Filter>
    <Filter Include="Object\IDisplayObect">
      <UniqueIdentifier>{9862fab9-f0ad-4b24-a32c-613cbdf28d2e}</UniqueIdentifier>
    </Filter>
    <Filter Include="Object\Player">
      <UniqueIdentifier>{9eca816e-89f4-48ca-bcf2-67c3f3510f4e}</UniqueIdentifier>
    </Filter>
  </ItemGroup>
  <ItemGroup>
    <ClInclude Include="targetver.h">
      <Filter>헤더 파일</Filter>
    </ClInclude>
    <ClInclude Include="resource.h">
      <Filter>헤더 파일</Filter>
    </ClInclude>
    <ClInclude Include="DeviceManager.h">
      <Filter>FrameWork</Filter>
    </ClInclude>
    <ClInclude Include="Application.h">
      <Filter>FrameWork</Filter>
    </ClInclude>
    <ClInclude Include="portfolio.h">
      <Filter>FrameWork</Filter>
    </ClInclude>
    <ClInclude Include="D3DUtility.h">
      <Filter>Utill</Filter>
    </ClInclude>
    <ClInclude Include="stdafx.h">
      <Filter>Global</Filter>
    </ClInclude>
    <ClInclude Include="GlobalDefinition.h">
      <Filter>Global</Filter>
    </ClInclude>
    <ClInclude Include="Camera.h">
      <Filter>Camera</Filter>
    </ClInclude>
    <ClInclude Include="BaseObject.h">
      <Filter>Object\Base</Filter>
    </ClInclude>
    <ClInclude Include="IDisplayObject.h">
      <Filter>Object\IDisplayObect</Filter>
    </ClInclude>
    <ClInclude Include="PlayerManager.h">
      <Filter>Manager</Filter>
    </ClInclude>
    <ClInclude Include="Player.h">
      <Filter>Object\Player</Filter>
    </ClInclude>
    <ClInclude Include="Server.h">
      <Filter>Server</Filter>
    </ClInclude>
  </ItemGroup>
  <ItemGroup>
    <ClCompile Include="Application.cpp">
      <Filter>FrameWork</Filter>
    </ClCompile>
    <ClCompile Include="DeviceManager.cpp">
      <Filter>FrameWork</Filter>
    </ClCompile>
    <ClCompile Include="portfolio.cpp">
      <Filter>FrameWork</Filter>
    </ClCompile>
    <ClCompile Include="D3DUtility.cpp">
      <Filter>Utill</Filter>
    </ClCompile>
    <ClCompile Include="stdafx.cpp">
      <Filter>Global</Filter>
    </ClCompile>
    <ClCompile Include="GlobalDefinition.cpp">
      <Filter>Global</Filter>
    </ClCompile>
    <ClCompile Include="Camera.cpp">
      <Filter>Camera</Filter>
    </ClCompile>
    <ClCompile Include="BaseObject.cpp">
      <Filter>Object\Base</Filter>
    </ClCompile>
    <ClCompile Include="IDisplayObject.cpp">
      <Filter>Object\IDisplayObect</Filter>
    </ClCompile>
    <ClCompile Include="PlayerManager.cpp">
      <Filter>Manager</Filter>
    </ClCompile>
    <ClCompile Include="Player.cpp">
      <Filter>Object\Player</Filter>
    </ClCompile>
    <ClCompile Include="Server.cpp">
      <Filter>Server</Filter>
    </ClCompile>
  </ItemGroup>
  <ItemGroup>
    <ResourceCompile Include="portfolio.rc">
      <Filter>리소스 파일</Filter>
    </ResourceCompile>
  </ItemGroup>
  <ItemGroup>
    <Image Include="small.ico">
      <Filter>리소스 파일</Filter>
    </Image>
    <Image Include="portfolio.ico">
      <Filter>리소스 파일</Filter>
    </Image>
  </ItemGroup>
</Project>